
Microsoft Visual Studio Solution File, Format Version 11.00
# Visual Studio 2010
Project("{FAE04EC0-301F-11D3-BF4B-00C04F79EFBC}") = "GameDevProject", "GameDevProject\GameDevProject\GameDevProject.csproj", "{1F2E1411-91AE-43A1-B7E3-A25162CD6ADA}"
EndProject
Project("{96E2B04D-8817-42C6-938A-82C39BA4D311}") = "GameDevProjectContent", "GameDevProject\GameDevProjectContent\GameDevProjectContent.contentproj", "{3BC9B278-235E-4A42-8BA3-65433276C4DD}"
EndProject
Global
	GlobalSection(SolutionConfigurationPlatforms) = preSolution
		Debug|x86 = Debug|x86
		Release|x86 = Release|x86
	EndGlobalSection
	GlobalSection(ProjectConfigurationPlatforms) = postSolution
		{1F2E1411-91AE-43A1-B7E3-A25162CD6ADA}.Debug|x86.ActiveCfg = Debug|x86
		{1F2E1411-91AE-43A1-B7E3-A25162CD6ADA}.Debug|x86.Build.0 = Debug|x86
		{1F2E1411-91AE-43A1-B7E3-A25162CD6ADA}.Release|x86.ActiveCfg = Release|x86
		{1F2E1411-91AE-43A1-B7E3-A25162CD6ADA}.Release|x86.Build.0 = Release|x86
		{3BC9B278-235E-4A42-8BA3-65433276C4DD}.Debug|x86.ActiveCfg = Debug|x86
		{3BC9B278-235E-4A42-8BA3-65433276C4DD}.Release|x86.ActiveCfg = Release|x86
	EndGlobalSection
	GlobalSection(SolutionProperties) = preSolution
		HideSolutionNode = FALSE
	EndGlobalSection
EndGlobal
